
Microsoft Visual Studio Solution File, Format Version 12.00
# Visual Studio Version 17
VisualStudioVersion = 17.10.34928.147
MinimumVisualStudioVersion = 10.0.40219.1
Project("{FAE04EC0-301F-11D3-BF4B-00C04F79EFBC}") = "Online Book-Store", "Online Book-Store\Online Book-Store.csproj", "{8709FA4D-D364-42E0-BF5F-ADF49157B282}"
EndProject
Global
	GlobalSection(SolutionConfigurationPlatforms) = preSolution
		Debug|Any CPU = Debug|Any CPU
		Release|Any CPU = Release|Any CPU
	EndGlobalSection
	GlobalSection(ProjectConfigurationPlatforms) = postSolution
		{8709FA4D-D364-42E0-BF5F-ADF49157B282}.Debug|Any CPU.ActiveCfg = Debug|Any CPU
		{8709FA4D-D364-42E0-BF5F-ADF49157B282}.Debug|Any CPU.Build.0 = Debug|Any CPU
		{8709FA4D-D364-42E0-BF5F-ADF49157B282}.Release|Any CPU.ActiveCfg = Release|Any CPU
		{8709FA4D-D364-42E0-BF5F-ADF49157B282}.Release|Any CPU.Build.0 = Release|Any CPU
	EndGlobalSection
	GlobalSection(SolutionProperties) = preSolution
		HideSolutionNode = FALSE
	EndGlobalSection
	GlobalSection(ExtensibilityGlobals) = postSolution
		SolutionGuid = {1F1FE673-5E71-4195-A3A6-D0D1EBFC6C4A}
	EndGlobalSection
EndGlobal
